
Microsoft Visual Studio Solution File, Format Version 12.00
# Visual Studio Version 17
VisualStudioVersion = 17.11.35222.181
MinimumVisualStudioVersion = 10.0.40219.1
Project("{FAE04EC0-301F-11D3-BF4B-00C04F79EFBC}") = "Week15OOPAndFiles", "Week15OOPAndFiles\Week15OOPAndFiles.csproj", "{879374AC-C9C6-49D9-B174-D75EB5E51AF1}"
EndProject
Global
	GlobalSection(SolutionConfigurationPlatforms) = preSolution
		Debug|Any CPU = Debug|Any CPU
		Release|Any CPU = Release|Any CPU
	EndGlobalSection
	GlobalSection(ProjectConfigurationPlatforms) = postSolution
		{879374AC-C9C6-49D9-B174-D75EB5E51AF1}.Debug|Any CPU.ActiveCfg = Debug|Any CPU
		{879374AC-C9C6-49D9-B174-D75EB5E51AF1}.Debug|Any CPU.Build.0 = Debug|Any CPU
		{879374AC-C9C6-49D9-B174-D75EB5E51AF1}.Release|Any CPU.ActiveCfg = Release|Any CPU
		{879374AC-C9C6-49D9-B174-D75EB5E51AF1}.Release|Any CPU.Build.0 = Release|Any CPU
	EndGlobalSection
	GlobalSection(SolutionProperties) = preSolution
		HideSolutionNode = FALSE
	EndGlobalSection
	GlobalSection(ExtensibilityGlobals) = postSolution
		SolutionGuid = {56F447A5-C74D-46F2-8672-91DA839E8712}
	EndGlobalSection
EndGlobal
